
Microsoft Visual Studio Solution File, Format Version 12.00
# Visual Studio Version 16
VisualStudioVersion = 16.0.29409.12
MinimumVisualStudioVersion = 10.0.40219.1
Project("{FAE04EC0-301F-11D3-BF4B-00C04F79EFBC}") = "ht1", "ht1\ht1.csproj", "{27ECFFF9-8627-406E-B631-A9DB6BBD0DF7}"
EndProject
Project("{FAE04EC0-301F-11D3-BF4B-00C04F79EFBC}") = "MailSender.ConsoleTest", "Tests\MailSender.ConsoleTest\MailSender.ConsoleTest.csproj", "{92776F85-5D85-440F-9C0E-9D58E7D055BB}"
EndProject
Project("{FAE04EC0-301F-11D3-BF4B-00C04F79EFBC}") = "MailSender.WPFTest", "Tests\MailSender.WPFTest\MailSender.WPFTest.csproj", "{7E906DF8-1E56-48C0-AA41-267C826D55FC}"
EndProject
Global
	GlobalSection(SolutionConfigurationPlatforms) = preSolution
		Debug|Any CPU = Debug|Any CPU
		Release|Any CPU = Release|Any CPU
	EndGlobalSection
	GlobalSection(ProjectConfigurationPlatforms) = postSolution
		{27ECFFF9-8627-406E-B631-A9DB6BBD0DF7}.Debug|Any CPU.ActiveCfg = Debug|Any CPU
		{27ECFFF9-8627-406E-B631-A9DB6BBD0DF7}.Debug|Any CPU.Build.0 = Debug|Any CPU
		{27ECFFF9-8627-406E-B631-A9DB6BBD0DF7}.Release|Any CPU.ActiveCfg = Release|Any CPU
		{27ECFFF9-8627-406E-B631-A9DB6BBD0DF7}.Release|Any CPU.Build.0 = Release|Any CPU
		{92776F85-5D85-440F-9C0E-9D58E7D055BB}.Debug|Any CPU.ActiveCfg = Debug|Any CPU
		{92776F85-5D85-440F-9C0E-9D58E7D055BB}.Debug|Any CPU.Build.0 = Debug|Any CPU
		{92776F85-5D85-440F-9C0E-9D58E7D055BB}.Release|Any CPU.ActiveCfg = Release|Any CPU
		{92776F85-5D85-440F-9C0E-9D58E7D055BB}.Release|Any CPU.Build.0 = Release|Any CPU
		{7E906DF8-1E56-48C0-AA41-267C826D55FC}.Debug|Any CPU.ActiveCfg = Debug|Any CPU
		{7E906DF8-1E56-48C0-AA41-267C826D55FC}.Debug|Any CPU.Build.0 = Debug|Any CPU
		{7E906DF8-1E56-48C0-AA41-267C826D55FC}.Release|Any CPU.ActiveCfg = Release|Any CPU
		{7E906DF8-1E56-48C0-AA41-267C826D55FC}.Release|Any CPU.Build.0 = Release|Any CPU
	EndGlobalSection
	GlobalSection(SolutionProperties) = preSolution
		HideSolutionNode = FALSE
	EndGlobalSection
	GlobalSection(ExtensibilityGlobals) = postSolution
		SolutionGuid = {A8CB227C-6407-44A7-AC5B-7051CCC70652}
	EndGlobalSection
EndGlobal
